
Microsoft Visual Studio Solution File, Format Version 12.00
# Visual Studio 15
VisualStudioVersion = 15.0.27703.2000
MinimumVisualStudioVersion = 10.0.40219.1
Project("{FAE04EC0-301F-11D3-BF4B-00C04F79EFBC}") = "WebApplication", "WebApplication\WebApplication.csproj", "{B79EAFE0-C773-4A4D-B49B-32325D4E1B68}"
EndProject
Project("{E53339B2-1760-4266-BCC7-CA923CBCF16C}") = "docker-compose", "docker-compose.dcproj", "{1EEF5F6F-AA96-4571-A20B-18FA6D9515A1}"
EndProject
Global
	GlobalSection(SolutionConfigurationPlatforms) = preSolution
		Debug|Any CPU = Debug|Any CPU
		Release|Any CPU = Release|Any CPU
	EndGlobalSection
	GlobalSection(ProjectConfigurationPlatforms) = postSolution
		{B79EAFE0-C773-4A4D-B49B-32325D4E1B68}.Debug|Any CPU.ActiveCfg = Debug|Any CPU
		{B79EAFE0-C773-4A4D-B49B-32325D4E1B68}.Debug|Any CPU.Build.0 = Debug|Any CPU
		{B79EAFE0-C773-4A4D-B49B-32325D4E1B68}.Release|Any CPU.ActiveCfg = Release|Any CPU
		{B79EAFE0-C773-4A4D-B49B-32325D4E1B68}.Release|Any CPU.Build.0 = Release|Any CPU
		{1EEF5F6F-AA96-4571-A20B-18FA6D9515A1}.Debug|Any CPU.ActiveCfg = Debug|Any CPU
		{1EEF5F6F-AA96-4571-A20B-18FA6D9515A1}.Debug|Any CPU.Build.0 = Debug|Any CPU
		{1EEF5F6F-AA96-4571-A20B-18FA6D9515A1}.Release|Any CPU.ActiveCfg = Release|Any CPU
		{1EEF5F6F-AA96-4571-A20B-18FA6D9515A1}.Release|Any CPU.Build.0 = Release|Any CPU
	EndGlobalSection
	GlobalSection(SolutionProperties) = preSolution
		HideSolutionNode = FALSE
	EndGlobalSection
	GlobalSection(ExtensibilityGlobals) = postSolution
		SolutionGuid = {595DE124-F6E4-4D63-B4A4-912955EEDF6D}
	EndGlobalSection
EndGlobal
